// !$*UTF8*$!
{
	archiveVersion = 1;
	classes = {
	};
	objectVersion = 50;
	objects = {

/* Begin PBXBuildFile section */
		DB30A0E526247E220034865E /* screenshot.PNG in Resources */ = {isa = PBXBuildFile; fileRef = DB30A0E426247E220034865E /* screenshot.PNG */; };
		DB6078E426245069008B391F /* AppDelegate.swift in Sources */ = {isa = PBXBuildFile; fileRef = DB6078E326245069008B391F /* AppDelegate.swift */; };
		DB6078E626245069008B391F /* ContentView.swift in Sources */ = {isa = PBXBuildFile; fileRef = DB6078E526245069008B391F /* ContentView.swift */; };
		DB6078EA26245075008B391F /* Assets.xcassets in Resources */ = {isa = PBXBuildFile; fileRef = DB6078E926245075008B391F /* Assets.xcassets */; };
		DB6078ED26245075008B391F /* Preview Assets.xcassets in Resources */ = {isa = PBXBuildFile; fileRef = DB6078EC26245075008B391F /* Preview Assets.xcassets */; };
		DB6078F026245075008B391F /* LaunchScreen.storyboard in Resources */ = {isa = PBXBuildFile; fileRef = DB6078EE26245075008B391F /* LaunchScreen.storyboard */; };
/* End PBXBuildFile section */

/* Begin PBXFileReference section */
		DB30A0E426247E220034865E /* screenshot.PNG */ = {isa = PBXFileReference; lastKnownFileType = image.png; path = screenshot.PNG; sourceTree = "<group>"; };
		DB6078E026245069008B391F /* Reality Glasses.app */ = {isa = PBXFileReference; explicitFileType = wrapper.application; includeInIndex = 0; path = "Reality Glasses.app"; sourceTree = BUILT_PRODUCTS_DIR; };
		DB6078E326245069008B391F /* AppDelegate.swift */ = {isa = PBXFileReference; lastKnownFileType = sourcecode.swift; path = AppDelegate.swift; sourceTree = "<group>"; };
		DB6078E526245069008B391F /* ContentView.swift */ = {isa = PBXFileReference; lastKnownFileType = sourcecode.swift; path = ContentView.swift; sourceTree = "<group>"; };
		DB6078E926245075008B391F /* Assets.xcassets */ = {isa = PBXFileReference; lastKnownFileType = folder.assetcatalog; path = Assets.xcassets; sourceTree = "<group>"; };
		DB6078EC26245075008B391F /* Preview Assets.xcassets */ = {isa = PBXFileReference; lastKnownFileType = folder.assetcatalog; path = "Preview Assets.xcassets"; sourceTree = "<group>"; };
		DB6078EF26245075008B391F /* Base */ = {isa = PBXFileReference; lastKnownFileType = file.storyboard; name = Base; path = Base.lproj/LaunchScreen.storyboard; sourceTree = "<group>"; };
		DB6078F126245075008B391F /* Info.plist */ = {isa = PBXFileReference; lastKnownFileType = text.plist.xml; path = Info.plist; sourceTree = "<group>"; };
/* End PBXFileReference section */

/* Begin PBXFrameworksBuildPhase section */
		DB6078DD26245069008B391F /* Frameworks */ = {
			isa = PBXFrameworksBuildPhase;
			buildActionMask = 2147483647;
			files = (
			);
			runOnlyForDeploymentPostprocessing = 0;
		};
/* End PBXFrameworksBuildPhase section */

/* Begin PBXGroup section */
		DB30A0E326247DFC0034865E /* Screenshot */ = {
			isa = PBXGroup;
			children = (
				DB30A0E426247E220034865E /* screenshot.PNG */,
			);
			path = Screenshot;
			sourceTree = "<group>";
		};
		DB6078D726245069008B391F = {
			isa = PBXGroup;
			children = (
				DB30A0E326247DFC0034865E /* Screenshot */,
				DB6078E226245069008B391F /* Reality Glasses */,
				DB6078E126245069008B391F /* Products */,
			);
			sourceTree = "<group>";
		};
		DB6078E126245069008B391F /* Products */ = {
			isa = PBXGroup;
			children = (
				DB6078E026245069008B391F /* Reality Glasses.app */,
			);
			name = Products;
			sourceTree = "<group>";
		};
		DB6078E226245069008B391F /* Reality Glasses */ = {
			isa = PBXGroup;
			children = (
				DB6078E326245069008B391F /* AppDelegate.swift */,
				DB6078E526245069008B391F /* ContentView.swift */,
				DB6078E926245075008B391F /* Assets.xcassets */,
				DB6078EE26245075008B391F /* LaunchScreen.storyboard */,
				DB6078F126245075008B391F /* Info.plist */,
				DB6078EB26245075008B391F /* Preview Content */,
			);
			path = "Reality Glasses";
			sourceTree = "<group>";
		};
		DB6078EB26245075008B391F /* Preview Content */ = {
			isa = PBXGroup;
			children = (
				DB6078EC26245075008B391F /* Preview Assets.xcassets */,
			);
			path = "Preview Content";
			sourceTree = "<group>";
		};
/* End PBXGroup section */

/* Begin PBXNativeTarget section */
		DB6078DF26245069008B391F /* Reality Glasses */ = {
			isa = PBXNativeTarget;
			buildConfigurationList = DB6078F426245075008B391F /* Build configuration list for PBXNativeTarget "Reality Glasses" */;
			buildPhases = (
				DB6078DC26245069008B391F /* Sources */,
				DB6078DD26245069008B391F /* Frameworks */,
				DB6078DE26245069008B391F /* Resources */,
			);
			buildRules = (
			);
			dependencies = (
			);
			name = "Reality Glasses";
			productName = "Reality Glasses";
			productReference = DB6078E026245069008B391F /* Reality Glasses.app */;
			productType = "com.apple.product-type.application";
		};
/* End PBXNativeTarget section */

/* Begin PBXProject section */
		DB6078D826245069008B391F /* Project object */ = {
			isa = PBXProject;
			attributes = {
				LastSwiftUpdateCheck = 1240;
				LastUpgradeCheck = 1240;
				TargetAttributes = {
					DB6078DF26245069008B391F = {
						CreatedOnToolsVersion = 12.4;
					};
				};
			};
			buildConfigurationList = DB6078DB26245069008B391F /* Build configuration list for PBXProject "Reality Glasses" */;
			compatibilityVersion = "Xcode 9.3";
			developmentRegion = en;
			hasScannedForEncodings = 0;
			knownRegions = (
				en,
				Base,
			);
			mainGroup = DB6078D726245069008B391F;
			productRefGroup = DB6078E126245069008B391F /* Products */;
			projectDirPath = "";
			projectRoot = "";
			targets = (
				DB6078DF26245069008B391F /* Reality Glasses */,
			);
		};
/* End PBXProject section */

/* Begin PBXResourcesBuildPhase section */
		DB6078DE26245069008B391F /* Resources */ = {
			isa = PBXResourcesBuildPhase;
			buildActionMask = 2147483647;
			files = (
				DB6078F026245075008B391F /* LaunchScreen.storyboard in Resources */,
				DB6078ED26245075008B391F /* Preview Assets.xcassets in Resources */,
				DB6078EA26245075008B391F /* Assets.xcassets in Resources */,
				DB30A0E526247E220034865E /* screenshot.PNG in Resources */,
			);
			runOnlyForDeploymentPostprocessing = 0;
		};
/* End PBXResourcesBuildPhase section */

/* Begin PBXSourcesBuildPhase section */
		DB6078DC26245069008B391F /* Sources */ = {
			isa = PBXSourcesBuildPhase;
			buildActionMask = 2147483647;
			files = (
				DB6078E626245069008B391F /* ContentView.swift in Sources */,
				DB6078E426245069008B391F /* AppDelegate.swift in Sources */,
			);
			runOnlyForDeploymentPostprocessing = 0;
		};
/* End PBXSourcesBuildPhase section */

/* Begin PBXVariantGroup section */
		DB6078EE26245075008B391F /* LaunchScreen.storyboard */ = {
			isa = PBXVariantGroup;
			children = (
				DB6078EF26245075008B391F /* Base */,
			);
			name = LaunchScreen.storyboard;
			sourceTree = "<group>";
		};
/* End PBXVariantGroup section */

/* Begin XCBuildConfiguration section */
		DB6078F226245075008B391F /* Debug */ = {
			isa = XCBuildConfiguration;
			buildSettings = {
				ALWAYS_SEARCH_USER_PATHS = NO;
				CLANG_ANALYZER_NONNULL = YES;
				CLANG_ANALYZER_NUMBER_OBJECT_CONVERSION = YES_AGGRESSIVE;
				CLANG_CXX_LANGUAGE_STANDARD = "gnu++14";
				CLANG_CXX_LIBRARY = "libc++";
				CLANG_ENABLE_MODULES = YES;
				CLANG_ENABLE_OBJC_ARC = YES;
				CLANG_ENABLE_OBJC_WEAK = YES;
				CLANG_WARN_BLOCK_CAPTURE_AUTORELEASING = YES;
				CLANG_WARN_BOOL_CONVERSION = YES;
				CLANG_WARN_COMMA = YES;
				CLANG_WARN_CONSTANT_CONVERSION = YES;
				CLANG_WARN_DEPRECATED_OBJC_IMPLEMENTATIONS = YES;
				CLANG_WARN_DIRECT_OBJC_ISA_USAGE = YES_ERROR;
				CLANG_WARN_DOCUMENTATION_COMMENTS = YES;
				CLANG_WARN_EMPTY_BODY = YES;
				CLANG_WARN_ENUM_CONVERSION = YES;
				CLANG_WARN_INFINITE_RECURSION = YES;
				CLANG_WARN_INT_CONVERSION = YES;
				CLANG_WARN_NON_LITERAL_NULL_CONVERSION = YES;
				CLANG_WARN_OBJC_IMPLICIT_RETAIN_SELF = YES;
				CLANG_WARN_OBJC_LITERAL_CONVERSION = YES;
				CLANG_WARN_OBJC_ROOT_CLASS = YES_ERROR;
				CLANG_WARN_QUOTED_INCLUDE_IN_FRAMEWORK_HEADER = YES;
				CLANG_WARN_RANGE_LOOP_ANALYSIS = YES;
				CLANG_WARN_STRICT_PROTOTYPES = YES;
				CLANG_WARN_SUSPICIOUS_MOVE = YES;
				CLANG_WARN_UNGUARDED_AVAILABILITY = YES_AGGRESSIVE;
				CLANG_WARN_UNREACHABLE_CODE = YES;
				CLANG_WARN__DUPLICATE_METHOD_MATCH = YES;
				COPY_PHASE_STRIP = NO;
				DEBUG_INFORMATION_FORMAT = dwarf;
				ENABLE_STRICT_OBJC_MSGSEND = YES;
				ENABLE_TESTABILITY = YES;
				GCC_C_LANGUAGE_STANDARD = gnu11;
				GCC_DYNAMIC_NO_PIC = NO;
				GCC_NO_COMMON_BLOCKS = YES;
				GCC_OPTIMIZATION_LEVEL = 0;
				GCC_PREPROCESSOR_DEFINITIONS = (
					"DEBUG=1",
					"$(inherited)",
				);
				GCC_WARN_64_TO_32_BIT_CONVERSION = YES;
				GCC_WARN_ABOUT_RETURN_TYPE = YES_ERROR;
				GCC_WARN_UNDECLARED_SELECTOR = YES;
				GCC_WARN_UNINITIALIZED_AUTOS = YES_AGGRESSIVE;
				GCC_WARN_UNUSED_FUNCTION = YES;
				GCC_WARN_UNUSED_VARIABLE = YES;
				IPHONEOS_DEPLOYMENT_TARGET = 14.4;
				MTL_ENABLE_DEBUG_INFO = INCLUDE_SOURCE;
				MTL_FAST_MATH = YES;
				ONLY_ACTIVE_ARCH = YES;
				SDKROOT = iphoneos;
				SWIFT_ACTIVE_COMPILATION_CONDITIONS = DEBUG;
				SWIFT_OPTIMIZATION_LEVEL = "-Onone";
			};
			name = Debug;
		};
		DB6078F326245075008B391F /* Release */ = {
			isa = XCBuildConfiguration;
			buildSettings = {
				ALWAYS_SEARCH_USER_PATHS = NO;
				CLANG_ANALYZER_NONNULL = YES;
				CLANG_ANALYZER_NUMBER_OBJECT_CONVERSION = YES_AGGRESSIVE;
				CLANG_CXX_LANGUAGE_STANDARD = "gnu++14";
				CLANG_CXX_LIBRARY = "libc++";
				CLANG_ENABLE_MODULES = YES;
				CLANG_ENABLE_OBJC_ARC = YES;
				CLANG_ENABLE_OBJC_WEAK = YES;
				CLANG_WARN_BLOCK_CAPTURE_AUTORELEASING = YES;
				CLANG_WARN_BOOL_CONVERSION = YES;
				CLANG_WARN_COMMA = YES;
				CLANG_WARN_CONSTANT_CONVERSION = YES;
				CLANG_WARN_DEPRECATED_OBJC_IMPLEMENTATIONS = YES;
				CLANG_WARN_DIRECT_OBJC_ISA_USAGE = YES_ERROR;
				CLANG_WARN_DOCUMENTATION_COMMENTS = YES;
				CLANG_WARN_EMPTY_BODY = YES;
				CLANG_WARN_ENUM_CONVERSION = YES;
				CLANG_WARN_INFINITE_RECURSION = YES;
				CLANG_WARN_INT_CONVERSION = YES;
				CLANG_WARN_NON_LITERAL_NULL_CONVERSION = YES;
				CLANG_WARN_OBJC_IMPLICIT_RETAIN_SELF = YES;
				CLANG_WARN_OBJC_LITERAL_CONVERSION = YES;
				CLANG_WARN_OBJC_ROOT_CLASS = YES_ERROR;
				CLANG_WARN_QUOTED_INCLUDE_IN_FRAMEWORK_HEADER = YES;
				CLANG_WARN_RANGE_LOOP_ANALYSIS = YES;
				CLANG_WARN_STRICT_PROTOTYPES = YES;
				CLANG_WARN_SUSPICIOUS_MOVE = YES;
				CLANG_WARN_UNGUARDED_AVAILABILITY = YES_AGGRESSIVE;
				CLANG_WARN_UNREACHABLE_CODE = YES;
				CLANG_WARN__DUPLICATE_METHOD_MATCH = YES;
				COPY_PHASE_STRIP = NO;
				DEBUG_INFORMATION_FORMAT = "dwarf-with-dsym";
				ENABLE_NS_ASSERTIONS = NO;
				ENABLE_STRICT_OBJC_MSGSEND = YES;
				GCC_C_LANGUAGE_STANDARD = gnu11;
				GCC_NO_COMMON_BLOCKS = YES;
				GCC_WARN_64_TO_32_BIT_CONVERSION = YES;
				GCC_WARN_ABOUT_RETURN_TYPE = YES_ERROR;
				GCC_WARN_UNDECLARED_SELECTOR = YES;
				GCC_WARN_UNINITIALIZED_AUTOS = YES_AGGRESSIVE;
				GCC_WARN_UNUSED_FUNCTION = YES;
				GCC_WARN_UNUSED_VARIABLE = YES;
				IPHONEOS_DEPLOYMENT_TARGET = 14.4;
				MTL_ENABLE_DEBUG_INFO = NO;
				MTL_FAST_MATH = YES;
				SDKROOT = iphoneos;
				SWIFT_COMPILATION_MODE = wholemodule;
				SWIFT_OPTIMIZATION_LEVEL = "-O";
				VALIDATE_PRODUCT = YES;
			};
			name = Release;
		};
		DB6078F526245075008B391F /* Debug */ = {
			isa = XCBuildConfiguration;
			buildSettings = {
				ASSETCATALOG_COMPILER_APPICON_NAME = AppIcon;
				ASSETCATALOG_COMPILER_GLOBAL_ACCENT_COLOR_NAME = AccentColor;
				CODE_SIGN_STYLE = Automatic;
				DEVELOPMENT_ASSET_PATHS = "\"Reality Glasses/Preview Content\"";
				DEVELOPMENT_TEAM = P86FRSH948;
				ENABLE_PREVIEWS = YES;
				INFOPLIST_FILE = "Reality Glasses/Info.plist";
				LD_RUNPATH_SEARCH_PATHS = (
					"$(inherited)",
					"@executable_path/Frameworks",
				);
				PRODUCT_BUNDLE_IDENTIFIER = "com.icloud-kif997.Reality-Glasses";
				PRODUCT_NAME = "$(TARGET_NAME)";
				SWIFT_VERSION = 5.0;
				TARGETED_DEVICE_FAMILY = "1,2";
			};
			name = Debug;
		};
		DB6078F626245075008B391F /* Release */ = {
			isa = XCBuildConfiguration;
			buildSettings = {
				ASSETCATALOG_COMPILER_APPICON_NAME = AppIcon;
				ASSETCATALOG_COMPILER_GLOBAL_ACCENT_COLOR_NAME = AccentColor;
				CODE_SIGN_STYLE = Automatic;
				DEVELOPMENT_ASSET_PATHS = "\"Reality Glasses/Preview Content\"";
				DEVELOPMENT_TEAM = P86FRSH948;
				ENABLE_PREVIEWS = YES;
				INFOPLIST_FILE = "Reality Glasses/Info.plist";
				LD_RUNPATH_SEARCH_PATHS = (
					"$(inherited)",
					"@executable_path/Frameworks",
				);
				PRODUCT_BUNDLE_IDENTIFIER = "com.icloud-kif997.Reality-Glasses";
				PRODUCT_NAME = "$(TARGET_NAME)";
				SWIFT_VERSION = 5.0;
				TARGETED_DEVICE_FAMILY = "1,2";
			};
			name = Release;
		};
/* End XCBuildConfiguration section */

/* Begin XCConfigurationList section */
		DB6078DB26245069008B391F /* Build configuration list for PBXProject "Reality Glasses" */ = {
			isa = XCConfigurationList;
			buildConfigurations = (
				DB6078F226245075008B391F /* Debug */,
				DB6078F326245075008B391F /* Release */,
			);
			defaultConfigurationIsVisible = 0;
			defaultConfigurationName = Release;
		};
		DB6078F426245075008B391F /* Build configuration list for PBXNativeTarget "Reality Glasses" */ = {
			isa = XCConfigurationList;
			buildConfigurations = (
				DB6078F526245075008B391F /* Debug */,
				DB6078F626245075008B391F /* Release */,
			);
			defaultConfigurationIsVisible = 0;
			defaultConfigurationName = Release;
		};
/* End XCConfigurationList section */
	};
	rootObject = DB6078D826245069008B391F /* Project object */;
}
